// !$*UTF8*$!
{
	archiveVersion = 1;
	classes = {
	};
	objectVersion = 46;
	objects = {

/* Begin PBXBuildFile section */
		769D2E2A1AB2C4FE00F3FF69 /* AppDelegate.swift in Sources */ = {isa = PBXBuildFile; fileRef = 769D2E291AB2C4FE00F3FF69 /* AppDelegate.swift */; };
		769D2E2C1AB2C4FE00F3FF69 /* RecordSoundsViewController.swift in Sources */ = {isa = PBXBuildFile; fileRef = 769D2E2B1AB2C4FE00F3FF69 /* RecordSoundsViewController.swift */; };
		769D2E2F1AB2C4FE00F3FF69 /* Main.storyboard in Resources */ = {isa = PBXBuildFile; fileRef = 769D2E2D1AB2C4FE00F3FF69 /* Main.storyboard */; };
		769D2E311AB2C4FE00F3FF69 /* Images.xcassets in Resources */ = {isa = PBXBuildFile; fileRef = 769D2E301AB2C4FE00F3FF69 /* Images.xcassets */; };
		769D2E341AB2C4FE00F3FF69 /* LaunchScreen.xib in Resources */ = {isa = PBXBuildFile; fileRef = 769D2E321AB2C4FE00F3FF69 /* LaunchScreen.xib */; };
		769D2E401AB2C4FE00F3FF69 /* Pitch_PerfectTests.swift in Sources */ = {isa = PBXBuildFile; fileRef = 769D2E3F1AB2C4FE00F3FF69 /* Pitch_PerfectTests.swift */; };
		769D2E4A1AB6B3AB00F3FF69 /* PlaySoundViewController.swift in Sources */ = {isa = PBXBuildFile; fileRef = 769D2E491AB6B3AB00F3FF69 /* PlaySoundViewController.swift */; };
		769D2E4C1AB6BD6E00F3FF69 /* movie_quote.mp3 in Resources */ = {isa = PBXBuildFile; fileRef = 769D2E4B1AB6BD6E00F3FF69 /* movie_quote.mp3 */; };
		769D2E4E1AB8140300F3FF69 /* RecordedAudio.swift in Sources */ = {isa = PBXBuildFile; fileRef = 769D2E4D1AB8140300F3FF69 /* RecordedAudio.swift */; };
/* End PBXBuildFile section */

/* Begin PBXContainerItemProxy section */
		769D2E3A1AB2C4FE00F3FF69 /* PBXContainerItemProxy */ = {
			isa = PBXContainerItemProxy;
			containerPortal = 769D2E1C1AB2C4FE00F3FF69 /* Project object */;
			proxyType = 1;
			remoteGlobalIDString = 769D2E231AB2C4FE00F3FF69;
			remoteInfo = "Pitch Perfect";
		};
/* End PBXContainerItemProxy section */

/* Begin PBXFileReference section */
		769D2E241AB2C4FE00F3FF69 /* Pitch Perfect.app */ = {isa = PBXFileReference; explicitFileType = wrapper.application; includeInIndex = 0; path = "Pitch Perfect.app"; sourceTree = BUILT_PRODUCTS_DIR; };
		769D2E281AB2C4FE00F3FF69 /* Info.plist */ = {isa = PBXFileReference; lastKnownFileType = text.plist.xml; path = Info.plist; sourceTree = "<group>"; };
		769D2E291AB2C4FE00F3FF69 /* AppDelegate.swift */ = {isa = PBXFileReference; lastKnownFileType = sourcecode.swift; path = AppDelegate.swift; sourceTree = "<group>"; };
		769D2E2B1AB2C4FE00F3FF69 /* RecordSoundsViewController.swift */ = {isa = PBXFileReference; lastKnownFileType = sourcecode.swift; path = RecordSoundsViewController.swift; sourceTree = "<group>"; };
		769D2E2E1AB2C4FE00F3FF69 /* Base */ = {isa = PBXFileReference; lastKnownFileType = file.storyboard; name = Base; path = Base.lproj/Main.storyboard; sourceTree = "<group>"; };
		769D2E301AB2C4FE00F3FF69 /* Images.xcassets */ = {isa = PBXFileReference; lastKnownFileType = folder.assetcatalog; path = Images.xcassets; sourceTree = "<group>"; };
		769D2E331AB2C4FE00F3FF69 /* Base */ = {isa = PBXFileReference; lastKnownFileType = file.xib; name = Base; path = Base.lproj/LaunchScreen.xib; sourceTree = "<group>"; };
		769D2E391AB2C4FE00F3FF69 /* Pitch PerfectTests.xctest */ = {isa = PBXFileReference; explicitFileType = wrapper.cfbundle; includeInIndex = 0; path = "Pitch PerfectTests.xctest"; sourceTree = BUILT_PRODUCTS_DIR; };
		769D2E3E1AB2C4FE00F3FF69 /* Info.plist */ = {isa = PBXFileReference; lastKnownFileType = text.plist.xml; path = Info.plist; sourceTree = "<group>"; };
		769D2E3F1AB2C4FE00F3FF69 /* Pitch_PerfectTests.swift */ = {isa = PBXFileReference; lastKnownFileType = sourcecode.swift; path = Pitch_PerfectTests.swift; sourceTree = "<group>"; };
		769D2E491AB6B3AB00F3FF69 /* PlaySoundViewController.swift */ = {isa = PBXFileReference; fileEncoding = 4; lastKnownFileType = sourcecode.swift; path = PlaySoundViewController.swift; sourceTree = "<group>"; };
		769D2E4B1AB6BD6E00F3FF69 /* movie_quote.mp3 */ = {isa = PBXFileReference; lastKnownFileType = audio.mp3; name = movie_quote.mp3; path = ../../../../Downloads/movie_quote.mp3; sourceTree = "<group>"; };
		769D2E4D1AB8140300F3FF69 /* RecordedAudio.swift */ = {isa = PBXFileReference; fileEncoding = 4; lastKnownFileType = sourcecode.swift; path = RecordedAudio.swift; sourceTree = "<group>"; };
/* End PBXFileReference section */

/* Begin PBXFrameworksBuildPhase section */
		769D2E211AB2C4FE00F3FF69 /* Frameworks */ = {
			isa = PBXFrameworksBuildPhase;
			buildActionMask = 2147483647;
			files = (
			);
			runOnlyForDeploymentPostprocessing = 0;
		};
		769D2E361AB2C4FE00F3FF69 /* Frameworks */ = {
			isa = PBXFrameworksBuildPhase;
			buildActionMask = 2147483647;
			files = (
			);
			runOnlyForDeploymentPostprocessing = 0;
		};
/* End PBXFrameworksBuildPhase section */

/* Begin PBXGroup section */
		769D2E1B1AB2C4FE00F3FF69 = {
			isa = PBXGroup;
			children = (
				769D2E4D1AB8140300F3FF69 /* RecordedAudio.swift */,
				769D2E491AB6B3AB00F3FF69 /* PlaySoundViewController.swift */,
				769D2E261AB2C4FE00F3FF69 /* Pitch Perfect */,
				769D2E3C1AB2C4FE00F3FF69 /* Pitch PerfectTests */,
				769D2E251AB2C4FE00F3FF69 /* Products */,
			);
			sourceTree = "<group>";
		};
		769D2E251AB2C4FE00F3FF69 /* Products */ = {
			isa = PBXGroup;
			children = (
				769D2E241AB2C4FE00F3FF69 /* Pitch Perfect.app */,
				769D2E391AB2C4FE00F3FF69 /* Pitch PerfectTests.xctest */,
			);
			name = Products;
			sourceTree = "<group>";
		};
		769D2E261AB2C4FE00F3FF69 /* Pitch Perfect */ = {
			isa = PBXGroup;
			children = (
				769D2E291AB2C4FE00F3FF69 /* AppDelegate.swift */,
				769D2E2B1AB2C4FE00F3FF69 /* RecordSoundsViewController.swift */,
				769D2E2D1AB2C4FE00F3FF69 /* Main.storyboard */,
				769D2E301AB2C4FE00F3FF69 /* Images.xcassets */,
				769D2E321AB2C4FE00F3FF69 /* LaunchScreen.xib */,
				769D2E271AB2C4FE00F3FF69 /* Supporting Files */,
			);
			path = "Pitch Perfect";
			sourceTree = "<group>";
		};
		769D2E271AB2C4FE00F3FF69 /* Supporting Files */ = {
			isa = PBXGroup;
			children = (
				769D2E4B1AB6BD6E00F3FF69 /* movie_quote.mp3 */,
				769D2E281AB2C4FE00F3FF69 /* Info.plist */,
			);
			name = "Supporting Files";
			sourceTree = "<group>";
		};
		769D2E3C1AB2C4FE00F3FF69 /* Pitch PerfectTests */ = {
			isa = PBXGroup;
			children = (
				769D2E3F1AB2C4FE00F3FF69 /* Pitch_PerfectTests.swift */,
				769D2E3D1AB2C4FE00F3FF69 /* Supporting Files */,
			);
			path = "Pitch PerfectTests";
			sourceTree = "<group>";
		};
		769D2E3D1AB2C4FE00F3FF69 /* Supporting Files */ = {
			isa = PBXGroup;
			children = (
				769D2E3E1AB2C4FE00F3FF69 /* Info.plist */,
			);
			name = "Supporting Files";
			sourceTree = "<group>";
		};
/* End PBXGroup section */

/* Begin PBXNativeTarget section */
		769D2E231AB2C4FE00F3FF69 /* Pitch Perfect */ = {
			isa = PBXNativeTarget;
			buildConfigurationList = 769D2E431AB2C4FE00F3FF69 /* Build configuration list for PBXNativeTarget "Pitch Perfect" */;
			buildPhases = (
				769D2E201AB2C4FE00F3FF69 /* Sources */,
				769D2E211AB2C4FE00F3FF69 /* Frameworks */,
				769D2E221AB2C4FE00F3FF69 /* Resources */,
			);
			buildRules = (
			);
			dependencies = (
			);
			name = "Pitch Perfect";
			productName = "Pitch Perfect";
			productReference = 769D2E241AB2C4FE00F3FF69 /* Pitch Perfect.app */;
			productType = "com.apple.product-type.application";
		};
		769D2E381AB2C4FE00F3FF69 /* Pitch PerfectTests */ = {
			isa = PBXNativeTarget;
			buildConfigurationList = 769D2E461AB2C4FE00F3FF69 /* Build configuration list for PBXNativeTarget "Pitch PerfectTests" */;
			buildPhases = (
				769D2E351AB2C4FE00F3FF69 /* Sources */,
				769D2E361AB2C4FE00F3FF69 /* Frameworks */,
				769D2E371AB2C4FE00F3FF69 /* Resources */,
			);
			buildRules = (
			);
			dependencies = (
				769D2E3B1AB2C4FE00F3FF69 /* PBXTargetDependency */,
			);
			name = "Pitch PerfectTests";
			productName = "Pitch PerfectTests";
			productReference = 769D2E391AB2C4FE00F3FF69 /* Pitch PerfectTests.xctest */;
			productType = "com.apple.product-type.bundle.unit-test";
		};
/* End PBXNativeTarget section */

/* Begin PBXProject section */
		769D2E1C1AB2C4FE00F3FF69 /* Project object */ = {
			isa = PBXProject;
			attributes = {
				LastUpgradeCheck = 0620;
				ORGANIZATIONNAME = "Habib, Ahsan";
				TargetAttributes = {
					769D2E231AB2C4FE00F3FF69 = {
						CreatedOnToolsVersion = 6.2;
						DevelopmentTeam = F68MFQ67VL;
					};
					769D2E381AB2C4FE00F3FF69 = {
						CreatedOnToolsVersion = 6.2;
						TestTargetID = 769D2E231AB2C4FE00F3FF69;
					};
				};
			};
			buildConfigurationList = 769D2E1F1AB2C4FE00F3FF69 /* Build configuration list for PBXProject "Pitch Perfect" */;
			compatibilityVersion = "Xcode 3.2";
			developmentRegion = English;
			hasScannedForEncodings = 0;
			knownRegions = (
				en,
				Base,
			);
			mainGroup = 769D2E1B1AB2C4FE00F3FF69;
			productRefGroup = 769D2E251AB2C4FE00F3FF69 /* Products */;
			projectDirPath = "";
			projectRoot = "";
			targets = (
				769D2E231AB2C4FE00F3FF69 /* Pitch Perfect */,
				769D2E381AB2C4FE00F3FF69 /* Pitch PerfectTests */,
			);
		};
/* End PBXProject section */

/* Begin PBXResourcesBuildPhase section */
		769D2E221AB2C4FE00F3FF69 /* Resources */ = {
			isa = PBXResourcesBuildPhase;
			buildActionMask = 2147483647;
			files = (
				769D2E2F1AB2C4FE00F3FF69 /* Main.storyboard in Resources */,
				769D2E341AB2C4FE00F3FF69 /* LaunchScreen.xib in Resources */,
				769D2E4C1AB6BD6E00F3FF69 /* movie_quote.mp3 in Resources */,
				769D2E311AB2C4FE00F3FF69 /* Images.xcassets in Resources */,
			);
			runOnlyForDeploymentPostprocessing = 0;
		};
		769D2E371AB2C4FE00F3FF69 /* Resources */ = {
			isa = PBXResourcesBuildPhase;
			buildActionMask = 2147483647;
			files = (
			);
			runOnlyForDeploymentPostprocessing = 0;
		};
/* End PBXResourcesBuildPhase section */

/* Begin PBXSourcesBuildPhase section */
		769D2E201AB2C4FE00F3FF69 /* Sources */ = {
			isa = PBXSourcesBuildPhase;
			buildActionMask = 2147483647;
			files = (
				769D2E4E1AB8140300F3FF69 /* RecordedAudio.swift in Sources */,
				769D2E2C1AB2C4FE00F3FF69 /* RecordSoundsViewController.swift in Sources */,
				769D2E4A1AB6B3AB00F3FF69 /* PlaySoundViewController.swift in Sources */,
				769D2E2A1AB2C4FE00F3FF69 /* AppDelegate.swift in Sources */,
			);
			runOnlyForDeploymentPostprocessing = 0;
		};
		769D2E351AB2C4FE00F3FF69 /* Sources */ = {
			isa = PBXSourcesBuildPhase;
			buildActionMask = 2147483647;
			files = (
				769D2E401AB2C4FE00F3FF69 /* Pitch_PerfectTests.swift in Sources */,
			);
			runOnlyForDeploymentPostprocessing = 0;
		};
/* End PBXSourcesBuildPhase section */

/* Begin PBXTargetDependency section */
		769D2E3B1AB2C4FE00F3FF69 /* PBXTargetDependency */ = {
			isa = PBXTargetDependency;
			target = 769D2E231AB2C4FE00F3FF69 /* Pitch Perfect */;
			targetProxy = 769D2E3A1AB2C4FE00F3FF69 /* PBXContainerItemProxy */;
		};
/* End PBXTargetDependency section */

/* Begin PBXVariantGroup section */
		769D2E2D1AB2C4FE00F3FF69 /* Main.storyboard */ = {
			isa = PBXVariantGroup;
			children = (
				769D2E2E1AB2C4FE00F3FF69 /* Base */,
			);
			name = Main.storyboard;
			sourceTree = "<group>";
		};
		769D2E321AB2C4FE00F3FF69 /* LaunchScreen.xib */ = {
			isa = PBXVariantGroup;
			children = (
				769D2E331AB2C4FE00F3FF69 /* Base */,
			);
			name = LaunchScreen.xib;
			sourceTree = "<group>";
		};
/* End PBXVariantGroup section */

/* Begin XCBuildConfiguration section */
		769D2E411AB2C4FE00F3FF69 /* Debug */ = {
			isa = XCBuildConfiguration;
			buildSettings = {
				ALWAYS_SEARCH_USER_PATHS = NO;
				CLANG_CXX_LANGUAGE_STANDARD = "gnu++0x";
				CLANG_CXX_LIBRARY = "libc++";
				CLANG_ENABLE_MODULES = YES;
				CLANG_ENABLE_OBJC_ARC = YES;
				CLANG_WARN_BOOL_CONVERSION = YES;
				CLANG_WARN_CONSTANT_CONVERSION = YES;
				CLANG_WARN_DIRECT_OBJC_ISA_USAGE = YES_ERROR;
				CLANG_WARN_EMPTY_BODY = YES;
				CLANG_WARN_ENUM_CONVERSION = YES;
				CLANG_WARN_INT_CONVERSION = YES;
				CLANG_WARN_OBJC_ROOT_CLASS = YES_ERROR;
				CLANG_WARN_UNREACHABLE_CODE = YES;
				CLANG_WARN__DUPLICATE_METHOD_MATCH = YES;
				"CODE_SIGN_IDENTITY[sdk=iphoneos*]" = "iPhone Developer";
				COPY_PHASE_STRIP = NO;
				ENABLE_STRICT_OBJC_MSGSEND = YES;
				GCC_C_LANGUAGE_STANDARD = gnu99;
				GCC_DYNAMIC_NO_PIC = NO;
				GCC_OPTIMIZATION_LEVEL = 0;
				GCC_PREPROCESSOR_DEFINITIONS = (
					"DEBUG=1",
					"$(inherited)",
				);
				GCC_SYMBOLS_PRIVATE_EXTERN = NO;
				GCC_WARN_64_TO_32_BIT_CONVERSION = YES;
				GCC_WARN_ABOUT_RETURN_TYPE = YES_ERROR;
				GCC_WARN_UNDECLARED_SELECTOR = YES;
				GCC_WARN_UNINITIALIZED_AUTOS = YES_AGGRESSIVE;
				GCC_WARN_UNUSED_FUNCTION = YES;
				GCC_WARN_UNUSED_VARIABLE = YES;
				IPHONEOS_DEPLOYMENT_TARGET = 8.2;
				MTL_ENABLE_DEBUG_INFO = YES;
				ONLY_ACTIVE_ARCH = YES;
				SDKROOT = iphoneos;
				SWIFT_OPTIMIZATION_LEVEL = "-Onone";
			};
			name = Debug;
		};
		769D2E421AB2C4FE00F3FF69 /* Release */ = {
			isa = XCBuildConfiguration;
			buildSettings = {
				ALWAYS_SEARCH_USER_PATHS = NO;
				CLANG_CXX_LANGUAGE_STANDARD = "gnu++0x";
				CLANG_CXX_LIBRARY = "libc++";
				CLANG_ENABLE_MODULES = YES;
				CLANG_ENABLE_OBJC_ARC = YES;
				CLANG_WARN_BOOL_CONVERSION = YES;
				CLANG_WARN_CONSTANT_CONVERSION = YES;
				CLANG_WARN_DIRECT_OBJC_ISA_USAGE = YES_ERROR;
				CLANG_WARN_EMPTY_BODY = YES;
				CLANG_WARN_ENUM_CONVERSION = YES;
				CLANG_WARN_INT_CONVERSION = YES;
				CLANG_WARN_OBJC_ROOT_CLASS = YES_ERROR;
				CLANG_WARN_UNREACHABLE_CODE = YES;
				CLANG_WARN__DUPLICATE_METHOD_MATCH = YES;
				"CODE_SIGN_IDENTITY[sdk=iphoneos*]" = "iPhone Developer";
				COPY_PHASE_STRIP = NO;
				ENABLE_NS_ASSERTIONS = NO;
				ENABLE_STRICT_OBJC_MSGSEND = YES;
				GCC_C_LANGUAGE_STANDARD = gnu99;
				GCC_WARN_64_TO_32_BIT_CONVERSION = YES;
				GCC_WARN_ABOUT_RETURN_TYPE = YES_ERROR;
				GCC_WARN_UNDECLARED_SELECTOR = YES;
				GCC_WARN_UNINITIALIZED_AUTOS = YES_AGGRESSIVE;
				GCC_WARN_UNUSED_FUNCTION = YES;
				GCC_WARN_UNUSED_VARIABLE = YES;
				IPHONEOS_DEPLOYMENT_TARGET = 8.2;
				MTL_ENABLE_DEBUG_INFO = NO;
				SDKROOT = iphoneos;
				VALIDATE_PRODUCT = YES;
			};
			name = Release;
		};
		769D2E441AB2C4FE00F3FF69 /* Debug */ = {
			isa = XCBuildConfiguration;
			buildSettings = {
				ASSETCATALOG_COMPILER_APPICON_NAME = AppIcon;
				INFOPLIST_FILE = "Pitch Perfect/Info.plist";
				LD_RUNPATH_SEARCH_PATHS = "$(inherited) @executable_path/Frameworks";
				PRODUCT_NAME = "$(TARGET_NAME)";
			};
			name = Debug;
		};
		769D2E451AB2C4FE00F3FF69 /* Release */ = {
			isa = XCBuildConfiguration;
			buildSettings = {
				ASSETCATALOG_COMPILER_APPICON_NAME = AppIcon;
				INFOPLIST_FILE = "Pitch Perfect/Info.plist";
				LD_RUNPATH_SEARCH_PATHS = "$(inherited) @executable_path/Frameworks";
				PRODUCT_NAME = "$(TARGET_NAME)";
			};
			name = Release;
		};
		769D2E471AB2C4FE00F3FF69 /* Debug */ = {
			isa = XCBuildConfiguration;
			buildSettings = {
				BUNDLE_LOADER = "$(TEST_HOST)";
				FRAMEWORK_SEARCH_PATHS = (
					"$(SDKROOT)/Developer/Library/Frameworks",
					"$(inherited)",
				);
				GCC_PREPROCESSOR_DEFINITIONS = (
					"DEBUG=1",
					"$(inherited)",
				);
				INFOPLIST_FILE = "Pitch PerfectTests/Info.plist";
				LD_RUNPATH_SEARCH_PATHS = "$(inherited) @executable_path/Frameworks @loader_path/Frameworks";
				PRODUCT_NAME = "$(TARGET_NAME)";
				TEST_HOST = "$(BUILT_PRODUCTS_DIR)/Pitch Perfect.app/Pitch Perfect";
			};
			name = Debug;
		};
		769D2E481AB2C4FE00F3FF69 /* Release */ = {
			isa = XCBuildConfiguration;
			buildSettings = {
				BUNDLE_LOADER = "$(TEST_HOST)";
				FRAMEWORK_SEARCH_PATHS = (
					"$(SDKROOT)/Developer/Library/Frameworks",
					"$(inherited)",
				);
				INFOPLIST_FILE = "Pitch PerfectTests/Info.plist";
				LD_RUNPATH_SEARCH_PATHS = "$(inherited) @executable_path/Frameworks @loader_path/Frameworks";
				PRODUCT_NAME = "$(TARGET_NAME)";
				TEST_HOST = "$(BUILT_PRODUCTS_DIR)/Pitch Perfect.app/Pitch Perfect";
			};
			name = Release;
		};
/* End XCBuildConfiguration section */

/* Begin XCConfigurationList section */
		769D2E1F1AB2C4FE00F3FF69 /* Build configuration list for PBXProject "Pitch Perfect" */ = {
			isa = XCConfigurationList;
			buildConfigurations = (
				769D2E411AB2C4FE00F3FF69 /* Debug */,
				769D2E421AB2C4FE00F3FF69 /* Release */,
			);
			defaultConfigurationIsVisible = 0;
			defaultConfigurationName = Release;
		};
		769D2E431AB2C4FE00F3FF69 /* Build configuration list for PBXNativeTarget "Pitch Perfect" */ = {
			isa = XCConfigurationList;
			buildConfigurations = (
				769D2E441AB2C4FE00F3FF69 /* Debug */,
				769D2E451AB2C4FE00F3FF69 /* Release */,
			);
			defaultConfigurationIsVisible = 0;
			defaultConfigurationName = Release;
		};
		769D2E461AB2C4FE00F3FF69 /* Build configuration list for PBXNativeTarget "Pitch PerfectTests" */ = {
			isa = XCConfigurationList;
			buildConfigurations = (
				769D2E471AB2C4FE00F3FF69 /* Debug */,
				769D2E481AB2C4FE00F3FF69 /* Release */,
			);
			defaultConfigurationIsVisible = 0;
			defaultConfigurationName = Release;
		};
/* End XCConfigurationList section */
	};
	rootObject = 769D2E1C1AB2C4FE00F3FF69 /* Project object */;
}
